
Microsoft Visual Studio Solution File, Format Version 12.00
# Visual Studio 14
VisualStudioVersion = 14.0.23107.0
MinimumVisualStudioVersion = 10.0.40219.1
Project("{FAE04EC0-301F-11D3-BF4B-00C04F79EFBC}") = "PA.Web", "ProductApplication\PA.Web.csproj", "{0E1572FE-D529-4A51-8B13-9B4C5D9BF22F}"
EndProject
Project("{2150E333-8FDC-42A3-9474-1A3956D46DE8}") = "FrontEnd", "FrontEnd", "{8207A036-E90B-4957-A680-541227C132D5}"
EndProject
Project("{FAE04EC0-301F-11D3-BF4B-00C04F79EFBC}") = "PA.DataModel", "ProductApplication.Model\PA.DataModel.csproj", "{88A02733-F1EC-49A7-9D40-53D1160A6646}"
EndProject
Project("{2150E333-8FDC-42A3-9474-1A3956D46DE8}") = "Core", "Core", "{AEE3BE5B-78BF-48FE-93A3-0D85540172DE}"
EndProject
Project("{2150E333-8FDC-42A3-9474-1A3956D46DE8}") = "Data", "Data", "{3A04F134-A33A-4D12-B0C4-4BF69B4BAB3C}"
EndProject
Project("{2150E333-8FDC-42A3-9474-1A3956D46DE8}") = "Business", "Business", "{0DB0FD94-7A87-422D-A3E0-939E0453ED66}"
EndProject
Project("{FAE04EC0-301F-11D3-BF4B-00C04F79EFBC}") = "PA.Data.Interfaces", "PA.DataAccess.Interfaces\PA.Data.Interfaces.csproj", "{9F3FA0BB-8FEB-48BA-9C9A-7C05F8D05BFC}"
EndProject
Project("{FAE04EC0-301F-11D3-BF4B-00C04F79EFBC}") = "PA.Data.Access", "PA.Data.Access\PA.Data.Access.csproj", "{8A882E00-6720-4A3D-907F-6C4869389EBD}"
EndProject
Global
	GlobalSection(SolutionConfigurationPlatforms) = preSolution
		Debug|Any CPU = Debug|Any CPU
		Release|Any CPU = Release|Any CPU
	EndGlobalSection
	GlobalSection(ProjectConfigurationPlatforms) = postSolution
		{0E1572FE-D529-4A51-8B13-9B4C5D9BF22F}.Debug|Any CPU.ActiveCfg = Debug|Any CPU
		{0E1572FE-D529-4A51-8B13-9B4C5D9BF22F}.Debug|Any CPU.Build.0 = Debug|Any CPU
		{0E1572FE-D529-4A51-8B13-9B4C5D9BF22F}.Release|Any CPU.ActiveCfg = Release|Any CPU
		{0E1572FE-D529-4A51-8B13-9B4C5D9BF22F}.Release|Any CPU.Build.0 = Release|Any CPU
		{88A02733-F1EC-49A7-9D40-53D1160A6646}.Debug|Any CPU.ActiveCfg = Debug|Any CPU
		{88A02733-F1EC-49A7-9D40-53D1160A6646}.Debug|Any CPU.Build.0 = Debug|Any CPU
		{88A02733-F1EC-49A7-9D40-53D1160A6646}.Release|Any CPU.ActiveCfg = Release|Any CPU
		{88A02733-F1EC-49A7-9D40-53D1160A6646}.Release|Any CPU.Build.0 = Release|Any CPU
		{9F3FA0BB-8FEB-48BA-9C9A-7C05F8D05BFC}.Debug|Any CPU.ActiveCfg = Debug|Any CPU
		{9F3FA0BB-8FEB-48BA-9C9A-7C05F8D05BFC}.Debug|Any CPU.Build.0 = Debug|Any CPU
		{9F3FA0BB-8FEB-48BA-9C9A-7C05F8D05BFC}.Release|Any CPU.ActiveCfg = Release|Any CPU
		{9F3FA0BB-8FEB-48BA-9C9A-7C05F8D05BFC}.Release|Any CPU.Build.0 = Release|Any CPU
		{8A882E00-6720-4A3D-907F-6C4869389EBD}.Debug|Any CPU.ActiveCfg = Debug|Any CPU
		{8A882E00-6720-4A3D-907F-6C4869389EBD}.Debug|Any CPU.Build.0 = Debug|Any CPU
		{8A882E00-6720-4A3D-907F-6C4869389EBD}.Release|Any CPU.ActiveCfg = Release|Any CPU
		{8A882E00-6720-4A3D-907F-6C4869389EBD}.Release|Any CPU.Build.0 = Release|Any CPU
	EndGlobalSection
	GlobalSection(SolutionProperties) = preSolution
		HideSolutionNode = FALSE
	EndGlobalSection
	GlobalSection(NestedProjects) = preSolution
		{0E1572FE-D529-4A51-8B13-9B4C5D9BF22F} = {8207A036-E90B-4957-A680-541227C132D5}
		{88A02733-F1EC-49A7-9D40-53D1160A6646} = {AEE3BE5B-78BF-48FE-93A3-0D85540172DE}
		{9F3FA0BB-8FEB-48BA-9C9A-7C05F8D05BFC} = {3A04F134-A33A-4D12-B0C4-4BF69B4BAB3C}
		{8A882E00-6720-4A3D-907F-6C4869389EBD} = {3A04F134-A33A-4D12-B0C4-4BF69B4BAB3C}
	EndGlobalSection
EndGlobal
