
Microsoft Visual Studio Solution File, Format Version 12.00
# Visual Studio 14
VisualStudioVersion = 14.0.23107.0
MinimumVisualStudioVersion = 10.0.40219.1
Project("{FAE04EC0-301F-11D3-BF4B-00C04F79EFBC}") = "PA.Web", "ProductApplication\PA.Web.csproj", "{0E1572FE-D529-4A51-8B13-9B4C5D9BF22F}"
EndProject
Project("{2150E333-8FDC-42A3-9474-1A3956D46DE8}") = "FrontEnd", "FrontEnd", "{8207A036-E90B-4957-A680-541227C132D5}"
EndProject
Project("{FAE04EC0-301F-11D3-BF4B-00C04F79EFBC}") = "PA.Core.DataModel", "ProductApplication.Model\PA.Core.DataModel.csproj", "{88A02733-F1EC-49A7-9D40-53D1160A6646}"
EndProject
Project("{2150E333-8FDC-42A3-9474-1A3956D46DE8}") = "Core", "Core", "{AEE3BE5B-78BF-48FE-93A3-0D85540172DE}"
EndProject
Project("{2150E333-8FDC-42A3-9474-1A3956D46DE8}") = "Data", "Data", "{3A04F134-A33A-4D12-B0C4-4BF69B4BAB3C}"
EndProject
Project("{2150E333-8FDC-42A3-9474-1A3956D46DE8}") = "Business", "Business", "{0DB0FD94-7A87-422D-A3E0-939E0453ED66}"
EndProject
Project("{FAE04EC0-301F-11D3-BF4B-00C04F79EFBC}") = "PA.Data.Interfaces", "PA.DataAccess.Interfaces\PA.Data.Interfaces.csproj", "{9F3FA0BB-8FEB-48BA-9C9A-7C05F8D05BFC}"
EndProject
Project("{FAE04EC0-301F-11D3-BF4B-00C04F79EFBC}") = "PA.Data.Access", "PA.Data.Access\PA.Data.Access.csproj", "{8A882E00-6720-4A3D-907F-6C4869389EBD}"
EndProject
Project("{2150E333-8FDC-42A3-9474-1A3956D46DE8}") = "IoC", "IoC", "{52AF9D92-1CE5-40BA-9D38-FCCF35068B2D}"
EndProject
Project("{FAE04EC0-301F-11D3-BF4B-00C04F79EFBC}") = "PA.IoC.Container", "PA.IoC.Container\PA.IoC.Container.csproj", "{3F27B915-1EB6-421C-BBA9-2197727787B1}"
EndProject
Project("{FAE04EC0-301F-11D3-BF4B-00C04F79EFBC}") = "PA.Business.Interfaces", "PA.Business.Interfaces\PA.Business.Interfaces.csproj", "{20CC62CF-640D-4959-ADEC-57366405557B}"
EndProject
Project("{FAE04EC0-301F-11D3-BF4B-00C04F79EFBC}") = "PA.Core.Infrastructure", "PA.Core.Infrastructure\PA.Core.Infrastructure.csproj", "{116234F4-0024-448B-8ECF-2A122D80058B}"
EndProject
Project("{FAE04EC0-301F-11D3-BF4B-00C04F79EFBC}") = "PA.Business.Logic", "PA.Business.Logic\PA.Business.Logic.csproj", "{2051B9E1-A782-4017-BE12-50C50F63EABB}"
EndProject
Global
	GlobalSection(SolutionConfigurationPlatforms) = preSolution
		Debug|Any CPU = Debug|Any CPU
		Release|Any CPU = Release|Any CPU
	EndGlobalSection
	GlobalSection(ProjectConfigurationPlatforms) = postSolution
		{0E1572FE-D529-4A51-8B13-9B4C5D9BF22F}.Debug|Any CPU.ActiveCfg = Debug|Any CPU
		{0E1572FE-D529-4A51-8B13-9B4C5D9BF22F}.Debug|Any CPU.Build.0 = Debug|Any CPU
		{0E1572FE-D529-4A51-8B13-9B4C5D9BF22F}.Release|Any CPU.ActiveCfg = Release|Any CPU
		{0E1572FE-D529-4A51-8B13-9B4C5D9BF22F}.Release|Any CPU.Build.0 = Release|Any CPU
		{88A02733-F1EC-49A7-9D40-53D1160A6646}.Debug|Any CPU.ActiveCfg = Debug|Any CPU
		{88A02733-F1EC-49A7-9D40-53D1160A6646}.Debug|Any CPU.Build.0 = Debug|Any CPU
		{88A02733-F1EC-49A7-9D40-53D1160A6646}.Release|Any CPU.ActiveCfg = Release|Any CPU
		{88A02733-F1EC-49A7-9D40-53D1160A6646}.Release|Any CPU.Build.0 = Release|Any CPU
		{9F3FA0BB-8FEB-48BA-9C9A-7C05F8D05BFC}.Debug|Any CPU.ActiveCfg = Debug|Any CPU
		{9F3FA0BB-8FEB-48BA-9C9A-7C05F8D05BFC}.Debug|Any CPU.Build.0 = Debug|Any CPU
		{9F3FA0BB-8FEB-48BA-9C9A-7C05F8D05BFC}.Release|Any CPU.ActiveCfg = Release|Any CPU
		{9F3FA0BB-8FEB-48BA-9C9A-7C05F8D05BFC}.Release|Any CPU.Build.0 = Release|Any CPU
		{8A882E00-6720-4A3D-907F-6C4869389EBD}.Debug|Any CPU.ActiveCfg = Debug|Any CPU
		{8A882E00-6720-4A3D-907F-6C4869389EBD}.Debug|Any CPU.Build.0 = Debug|Any CPU
		{8A882E00-6720-4A3D-907F-6C4869389EBD}.Release|Any CPU.ActiveCfg = Release|Any CPU
		{8A882E00-6720-4A3D-907F-6C4869389EBD}.Release|Any CPU.Build.0 = Release|Any CPU
		{3F27B915-1EB6-421C-BBA9-2197727787B1}.Debug|Any CPU.ActiveCfg = Debug|Any CPU
		{3F27B915-1EB6-421C-BBA9-2197727787B1}.Debug|Any CPU.Build.0 = Debug|Any CPU
		{3F27B915-1EB6-421C-BBA9-2197727787B1}.Release|Any CPU.ActiveCfg = Release|Any CPU
		{3F27B915-1EB6-421C-BBA9-2197727787B1}.Release|Any CPU.Build.0 = Release|Any CPU
		{20CC62CF-640D-4959-ADEC-57366405557B}.Debug|Any CPU.ActiveCfg = Debug|Any CPU
		{20CC62CF-640D-4959-ADEC-57366405557B}.Debug|Any CPU.Build.0 = Debug|Any CPU
		{20CC62CF-640D-4959-ADEC-57366405557B}.Release|Any CPU.ActiveCfg = Release|Any CPU
		{20CC62CF-640D-4959-ADEC-57366405557B}.Release|Any CPU.Build.0 = Release|Any CPU
		{116234F4-0024-448B-8ECF-2A122D80058B}.Debug|Any CPU.ActiveCfg = Debug|Any CPU
		{116234F4-0024-448B-8ECF-2A122D80058B}.Debug|Any CPU.Build.0 = Debug|Any CPU
		{116234F4-0024-448B-8ECF-2A122D80058B}.Release|Any CPU.ActiveCfg = Release|Any CPU
		{116234F4-0024-448B-8ECF-2A122D80058B}.Release|Any CPU.Build.0 = Release|Any CPU
		{2051B9E1-A782-4017-BE12-50C50F63EABB}.Debug|Any CPU.ActiveCfg = Debug|Any CPU
		{2051B9E1-A782-4017-BE12-50C50F63EABB}.Debug|Any CPU.Build.0 = Debug|Any CPU
		{2051B9E1-A782-4017-BE12-50C50F63EABB}.Release|Any CPU.ActiveCfg = Release|Any CPU
		{2051B9E1-A782-4017-BE12-50C50F63EABB}.Release|Any CPU.Build.0 = Release|Any CPU
	EndGlobalSection
	GlobalSection(SolutionProperties) = preSolution
		HideSolutionNode = FALSE
	EndGlobalSection
	GlobalSection(NestedProjects) = preSolution
		{0E1572FE-D529-4A51-8B13-9B4C5D9BF22F} = {8207A036-E90B-4957-A680-541227C132D5}
		{88A02733-F1EC-49A7-9D40-53D1160A6646} = {AEE3BE5B-78BF-48FE-93A3-0D85540172DE}
		{9F3FA0BB-8FEB-48BA-9C9A-7C05F8D05BFC} = {3A04F134-A33A-4D12-B0C4-4BF69B4BAB3C}
		{8A882E00-6720-4A3D-907F-6C4869389EBD} = {3A04F134-A33A-4D12-B0C4-4BF69B4BAB3C}
		{3F27B915-1EB6-421C-BBA9-2197727787B1} = {52AF9D92-1CE5-40BA-9D38-FCCF35068B2D}
		{20CC62CF-640D-4959-ADEC-57366405557B} = {0DB0FD94-7A87-422D-A3E0-939E0453ED66}
		{116234F4-0024-448B-8ECF-2A122D80058B} = {AEE3BE5B-78BF-48FE-93A3-0D85540172DE}
		{2051B9E1-A782-4017-BE12-50C50F63EABB} = {0DB0FD94-7A87-422D-A3E0-939E0453ED66}
	EndGlobalSection
EndGlobal
